
Microsoft Visual Studio Solution File, Format Version 12.00
# Visual Studio Version 17
VisualStudioVersion = 17.14.36401.2 d17.14
MinimumVisualStudioVersion = 10.0.40219.1
Project("{888888A0-9F3D-457C-B088-3A5042F75D52}") = "DocumentChunker", "DocumentChunker\DocumentChunker.pyproj", "{DE2339C8-9330-420D-9FDB-67F1636E13ED}"
EndProject
Global
	GlobalSection(SolutionConfigurationPlatforms) = preSolution
		Debug|Any CPU = Debug|Any CPU
		Release|Any CPU = Release|Any CPU
	EndGlobalSection
	GlobalSection(ProjectConfigurationPlatforms) = postSolution
		{DE2339C8-9330-420D-9FDB-67F1636E13ED}.Debug|Any CPU.ActiveCfg = Debug|Any CPU
		{DE2339C8-9330-420D-9FDB-67F1636E13ED}.Release|Any CPU.ActiveCfg = Release|Any CPU
	EndGlobalSection
	GlobalSection(SolutionProperties) = preSolution
		HideSolutionNode = FALSE
	EndGlobalSection
	GlobalSection(ExtensibilityGlobals) = postSolution
		SolutionGuid = {25559DC1-D0EB-4EB5-B052-0D7CAB04F992}
	EndGlobalSection
EndGlobal
